
Microsoft Visual Studio Solution File, Format Version 12.00
# Visual Studio 15
VisualStudioVersion = 15.0.28307.168
MinimumVisualStudioVersion = 10.0.40219.1
Project("{FAE04EC0-301F-11D3-BF4B-00C04F79EFBC}") = "INTEGRA_7_Xamarin.Android", "INTEGRA_7_Xamarin\INTEGRA_7_Xamarin.Android\INTEGRA_7_Xamarin.Android.csproj", "{F81239BA-3C6F-403D-A87C-91295970CE76}"
EndProject
Project("{FAE04EC0-301F-11D3-BF4B-00C04F79EFBC}") = "INTEGRA_7_Xamarin.iOS", "INTEGRA_7_Xamarin\INTEGRA_7_Xamarin.iOS\INTEGRA_7_Xamarin.iOS.csproj", "{1C534272-9023-49A2-85CF-6ACB07F8E6B7}"
EndProject
Project("{FAE04EC0-301F-11D3-BF4B-00C04F79EFBC}") = "INTEGRA_7_Xamarin.UWP", "INTEGRA_7_Xamarin\INTEGRA_7_Xamarin.UWP\INTEGRA_7_Xamarin.UWP.csproj", "{EEB80837-4BF7-4363-ABC6-9346068797F1}"
EndProject
Project("{9A19103F-16F7-4668-BE54-9A1E7A4F7556}") = "INTEGRA_7_Xamarin", "INTEGRA_7_Xamarin\INTEGRA_7_Xamarin\INTEGRA_7_Xamarin.csproj", "{203C3783-6C88-4F8F-9FDB-7719BF7B10EA}"
EndProject
Project("{FAE04EC0-301F-11D3-BF4B-00C04F79EFBC}") = "FilenamesToLowercase", "ConsoleApp1\FilenamesToLowercase.csproj", "{987B8E81-7065-4D5C-B467-9E7C15947B0D}"
EndProject
Global
	GlobalSection(SolutionConfigurationPlatforms) = preSolution
		Ad-Hoc|Any CPU = Ad-Hoc|Any CPU
		Ad-Hoc|ARM = Ad-Hoc|ARM
		Ad-Hoc|iPhone = Ad-Hoc|iPhone
		Ad-Hoc|iPhoneSimulator = Ad-Hoc|iPhoneSimulator
		Ad-Hoc|x64 = Ad-Hoc|x64
		Ad-Hoc|x86 = Ad-Hoc|x86
		AppStore|Any CPU = AppStore|Any CPU
		AppStore|ARM = AppStore|ARM
		AppStore|iPhone = AppStore|iPhone
		AppStore|iPhoneSimulator = AppStore|iPhoneSimulator
		AppStore|x64 = AppStore|x64
		AppStore|x86 = AppStore|x86
		Debug|Any CPU = Debug|Any CPU
		Debug|ARM = Debug|ARM
		Debug|iPhone = Debug|iPhone
		Debug|iPhoneSimulator = Debug|iPhoneSimulator
		Debug|x64 = Debug|x64
		Debug|x86 = Debug|x86
		Release|Any CPU = Release|Any CPU
		Release|ARM = Release|ARM
		Release|iPhone = Release|iPhone
		Release|iPhoneSimulator = Release|iPhoneSimulator
		Release|x64 = Release|x64
		Release|x86 = Release|x86
	EndGlobalSection
	GlobalSection(ProjectConfigurationPlatforms) = postSolution
		{F81239BA-3C6F-403D-A87C-91295970CE76}.Ad-Hoc|Any CPU.ActiveCfg = Release|Any CPU
		{F81239BA-3C6F-403D-A87C-91295970CE76}.Ad-Hoc|Any CPU.Build.0 = Release|Any CPU
		{F81239BA-3C6F-403D-A87C-91295970CE76}.Ad-Hoc|Any CPU.Deploy.0 = Release|Any CPU
		{F81239BA-3C6F-403D-A87C-91295970CE76}.Ad-Hoc|ARM.ActiveCfg = Release|Any CPU
		{F81239BA-3C6F-403D-A87C-91295970CE76}.Ad-Hoc|ARM.Build.0 = Release|Any CPU
		{F81239BA-3C6F-403D-A87C-91295970CE76}.Ad-Hoc|ARM.Deploy.0 = Release|Any CPU
		{F81239BA-3C6F-403D-A87C-91295970CE76}.Ad-Hoc|iPhone.ActiveCfg = Release|Any CPU
		{F81239BA-3C6F-403D-A87C-91295970CE76}.Ad-Hoc|iPhone.Build.0 = Release|Any CPU
		{F81239BA-3C6F-403D-A87C-91295970CE76}.Ad-Hoc|iPhone.Deploy.0 = Release|Any CPU
		{F81239BA-3C6F-403D-A87C-91295970CE76}.Ad-Hoc|iPhoneSimulator.ActiveCfg = Release|Any CPU
		{F81239BA-3C6F-403D-A87C-91295970CE76}.Ad-Hoc|iPhoneSimulator.Build.0 = Release|Any CPU
		{F81239BA-3C6F-403D-A87C-91295970CE76}.Ad-Hoc|iPhoneSimulator.Deploy.0 = Release|Any CPU
		{F81239BA-3C6F-403D-A87C-91295970CE76}.Ad-Hoc|x64.ActiveCfg = Release|Any CPU
		{F81239BA-3C6F-403D-A87C-91295970CE76}.Ad-Hoc|x64.Build.0 = Release|Any CPU
		{F81239BA-3C6F-403D-A87C-91295970CE76}.Ad-Hoc|x64.Deploy.0 = Release|Any CPU
		{F81239BA-3C6F-403D-A87C-91295970CE76}.Ad-Hoc|x86.ActiveCfg = Release|Any CPU
		{F81239BA-3C6F-403D-A87C-91295970CE76}.Ad-Hoc|x86.Build.0 = Release|Any CPU
		{F81239BA-3C6F-403D-A87C-91295970CE76}.Ad-Hoc|x86.Deploy.0 = Release|Any CPU
		{F81239BA-3C6F-403D-A87C-91295970CE76}.AppStore|Any CPU.ActiveCfg = Release|Any CPU
		{F81239BA-3C6F-403D-A87C-91295970CE76}.AppStore|Any CPU.Build.0 = Release|Any CPU
		{F81239BA-3C6F-403D-A87C-91295970CE76}.AppStore|Any CPU.Deploy.0 = Release|Any CPU
		{F81239BA-3C6F-403D-A87C-91295970CE76}.AppStore|ARM.ActiveCfg = Release|Any CPU
		{F81239BA-3C6F-403D-A87C-91295970CE76}.AppStore|ARM.Build.0 = Release|Any CPU
		{F81239BA-3C6F-403D-A87C-91295970CE76}.AppStore|ARM.Deploy.0 = Release|Any CPU
		{F81239BA-3C6F-403D-A87C-91295970CE76}.AppStore|iPhone.ActiveCfg = Release|Any CPU
		{F81239BA-3C6F-403D-A87C-91295970CE76}.AppStore|iPhone.Build.0 = Release|Any CPU
		{F81239BA-3C6F-403D-A87C-91295970CE76}.AppStore|iPhone.Deploy.0 = Release|Any CPU
		{F81239BA-3C6F-403D-A87C-91295970CE76}.AppStore|iPhoneSimulator.ActiveCfg = Release|Any CPU
		{F81239BA-3C6F-403D-A87C-91295970CE76}.AppStore|iPhoneSimulator.Build.0 = Release|Any CPU
		{F81239BA-3C6F-403D-A87C-91295970CE76}.AppStore|iPhoneSimulator.Deploy.0 = Release|Any CPU
		{F81239BA-3C6F-403D-A87C-91295970CE76}.AppStore|x64.ActiveCfg = Release|Any CPU
		{F81239BA-3C6F-403D-A87C-91295970CE76}.AppStore|x64.Build.0 = Release|Any CPU
		{F81239BA-3C6F-403D-A87C-91295970CE76}.AppStore|x64.Deploy.0 = Release|Any CPU
		{F81239BA-3C6F-403D-A87C-91295970CE76}.AppStore|x86.ActiveCfg = Release|Any CPU
		{F81239BA-3C6F-403D-A87C-91295970CE76}.AppStore|x86.Build.0 = Release|Any CPU
		{F81239BA-3C6F-403D-A87C-91295970CE76}.AppStore|x86.Deploy.0 = Release|Any CPU
		{F81239BA-3C6F-403D-A87C-91295970CE76}.Debug|Any CPU.ActiveCfg = Debug|Any CPU
		{F81239BA-3C6F-403D-A87C-91295970CE76}.Debug|Any CPU.Build.0 = Debug|Any CPU
		{F81239BA-3C6F-403D-A87C-91295970CE76}.Debug|Any CPU.Deploy.0 = Debug|Any CPU
		{F81239BA-3C6F-403D-A87C-91295970CE76}.Debug|ARM.ActiveCfg = Debug|Any CPU
		{F81239BA-3C6F-403D-A87C-91295970CE76}.Debug|ARM.Build.0 = Debug|Any CPU
		{F81239BA-3C6F-403D-A87C-91295970CE76}.Debug|ARM.Deploy.0 = Debug|Any CPU
		{F81239BA-3C6F-403D-A87C-91295970CE76}.Debug|iPhone.ActiveCfg = Debug|Any CPU
		{F81239BA-3C6F-403D-A87C-91295970CE76}.Debug|iPhone.Build.0 = Debug|Any CPU
		{F81239BA-3C6F-403D-A87C-91295970CE76}.Debug|iPhone.Deploy.0 = Debug|Any CPU
		{F81239BA-3C6F-403D-A87C-91295970CE76}.Debug|iPhoneSimulator.ActiveCfg = Debug|Any CPU
		{F81239BA-3C6F-403D-A87C-91295970CE76}.Debug|iPhoneSimulator.Build.0 = Debug|Any CPU
		{F81239BA-3C6F-403D-A87C-91295970CE76}.Debug|iPhoneSimulator.Deploy.0 = Debug|Any CPU
		{F81239BA-3C6F-403D-A87C-91295970CE76}.Debug|x64.ActiveCfg = Debug|Any CPU
		{F81239BA-3C6F-403D-A87C-91295970CE76}.Debug|x64.Build.0 = Debug|Any CPU
		{F81239BA-3C6F-403D-A87C-91295970CE76}.Debug|x64.Deploy.0 = Debug|Any CPU
		{F81239BA-3C6F-403D-A87C-91295970CE76}.Debug|x86.ActiveCfg = Debug|Any CPU
		{F81239BA-3C6F-403D-A87C-91295970CE76}.Debug|x86.Build.0 = Debug|Any CPU
		{F81239BA-3C6F-403D-A87C-91295970CE76}.Debug|x86.Deploy.0 = Debug|Any CPU
		{F81239BA-3C6F-403D-A87C-91295970CE76}.Release|Any CPU.ActiveCfg = Release|Any CPU
		{F81239BA-3C6F-403D-A87C-91295970CE76}.Release|Any CPU.Build.0 = Release|Any CPU
		{F81239BA-3C6F-403D-A87C-91295970CE76}.Release|Any CPU.Deploy.0 = Release|Any CPU
		{F81239BA-3C6F-403D-A87C-91295970CE76}.Release|ARM.ActiveCfg = Release|Any CPU
		{F81239BA-3C6F-403D-A87C-91295970CE76}.Release|ARM.Build.0 = Release|Any CPU
		{F81239BA-3C6F-403D-A87C-91295970CE76}.Release|ARM.Deploy.0 = Release|Any CPU
		{F81239BA-3C6F-403D-A87C-91295970CE76}.Release|iPhone.ActiveCfg = Release|Any CPU
		{F81239BA-3C6F-403D-A87C-91295970CE76}.Release|iPhone.Build.0 = Release|Any CPU
		{F81239BA-3C6F-403D-A87C-91295970CE76}.Release|iPhone.Deploy.0 = Release|Any CPU
		{F81239BA-3C6F-403D-A87C-91295970CE76}.Release|iPhoneSimulator.ActiveCfg = Release|Any CPU
		{F81239BA-3C6F-403D-A87C-91295970CE76}.Release|iPhoneSimulator.Build.0 = Release|Any CPU
		{F81239BA-3C6F-403D-A87C-91295970CE76}.Release|iPhoneSimulator.Deploy.0 = Release|Any CPU
		{F81239BA-3C6F-403D-A87C-91295970CE76}.Release|x64.ActiveCfg = Release|Any CPU
		{F81239BA-3C6F-403D-A87C-91295970CE76}.Release|x64.Build.0 = Release|Any CPU
		{F81239BA-3C6F-403D-A87C-91295970CE76}.Release|x64.Deploy.0 = Release|Any CPU
		{F81239BA-3C6F-403D-A87C-91295970CE76}.Release|x86.ActiveCfg = Release|Any CPU
		{F81239BA-3C6F-403D-A87C-91295970CE76}.Release|x86.Build.0 = Release|Any CPU
		{F81239BA-3C6F-403D-A87C-91295970CE76}.Release|x86.Deploy.0 = Release|Any CPU
		{1C534272-9023-49A2-85CF-6ACB07F8E6B7}.Ad-Hoc|Any CPU.ActiveCfg = Ad-Hoc|iPhone
		{1C534272-9023-49A2-85CF-6ACB07F8E6B7}.Ad-Hoc|Any CPU.Build.0 = Ad-Hoc|iPhone
		{1C534272-9023-49A2-85CF-6ACB07F8E6B7}.Ad-Hoc|Any CPU.Deploy.0 = Ad-Hoc|iPhone
		{1C534272-9023-49A2-85CF-6ACB07F8E6B7}.Ad-Hoc|ARM.ActiveCfg = Ad-Hoc|iPhone
		{1C534272-9023-49A2-85CF-6ACB07F8E6B7}.Ad-Hoc|ARM.Build.0 = Ad-Hoc|iPhone
		{1C534272-9023-49A2-85CF-6ACB07F8E6B7}.Ad-Hoc|ARM.Deploy.0 = Ad-Hoc|iPhone
		{1C534272-9023-49A2-85CF-6ACB07F8E6B7}.Ad-Hoc|iPhone.ActiveCfg = Ad-Hoc|iPhone
		{1C534272-9023-49A2-85CF-6ACB07F8E6B7}.Ad-Hoc|iPhone.Build.0 = Ad-Hoc|iPhone
		{1C534272-9023-49A2-85CF-6ACB07F8E6B7}.Ad-Hoc|iPhone.Deploy.0 = Ad-Hoc|iPhone
		{1C534272-9023-49A2-85CF-6ACB07F8E6B7}.Ad-Hoc|iPhoneSimulator.ActiveCfg = Ad-Hoc|iPhoneSimulator
		{1C534272-9023-49A2-85CF-6ACB07F8E6B7}.Ad-Hoc|iPhoneSimulator.Build.0 = Ad-Hoc|iPhoneSimulator
		{1C534272-9023-49A2-85CF-6ACB07F8E6B7}.Ad-Hoc|iPhoneSimulator.Deploy.0 = Ad-Hoc|iPhoneSimulator
		{1C534272-9023-49A2-85CF-6ACB07F8E6B7}.Ad-Hoc|x64.ActiveCfg = Ad-Hoc|iPhone
		{1C534272-9023-49A2-85CF-6ACB07F8E6B7}.Ad-Hoc|x64.Build.0 = Ad-Hoc|iPhone
		{1C534272-9023-49A2-85CF-6ACB07F8E6B7}.Ad-Hoc|x64.Deploy.0 = Ad-Hoc|iPhone
		{1C534272-9023-49A2-85CF-6ACB07F8E6B7}.Ad-Hoc|x86.ActiveCfg = Ad-Hoc|iPhone
		{1C534272-9023-49A2-85CF-6ACB07F8E6B7}.Ad-Hoc|x86.Build.0 = Ad-Hoc|iPhone
		{1C534272-9023-49A2-85CF-6ACB07F8E6B7}.Ad-Hoc|x86.Deploy.0 = Ad-Hoc|iPhone
		{1C534272-9023-49A2-85CF-6ACB07F8E6B7}.AppStore|Any CPU.ActiveCfg = AppStore|iPhone
		{1C534272-9023-49A2-85CF-6ACB07F8E6B7}.AppStore|Any CPU.Build.0 = AppStore|iPhone
		{1C534272-9023-49A2-85CF-6ACB07F8E6B7}.AppStore|Any CPU.Deploy.0 = AppStore|iPhone
		{1C534272-9023-49A2-85CF-6ACB07F8E6B7}.AppStore|ARM.ActiveCfg = AppStore|iPhone
		{1C534272-9023-49A2-85CF-6ACB07F8E6B7}.AppStore|ARM.Build.0 = AppStore|iPhone
		{1C534272-9023-49A2-85CF-6ACB07F8E6B7}.AppStore|ARM.Deploy.0 = AppStore|iPhone
		{1C534272-9023-49A2-85CF-6ACB07F8E6B7}.AppStore|iPhone.ActiveCfg = AppStore|iPhone
		{1C534272-9023-49A2-85CF-6ACB07F8E6B7}.AppStore|iPhone.Build.0 = AppStore|iPhone
		{1C534272-9023-49A2-85CF-6ACB07F8E6B7}.AppStore|iPhone.Deploy.0 = AppStore|iPhone
		{1C534272-9023-49A2-85CF-6ACB07F8E6B7}.AppStore|iPhoneSimulator.ActiveCfg = AppStore|iPhoneSimulator
		{1C534272-9023-49A2-85CF-6ACB07F8E6B7}.AppStore|iPhoneSimulator.Build.0 = AppStore|iPhoneSimulator
		{1C534272-9023-49A2-85CF-6ACB07F8E6B7}.AppStore|iPhoneSimulator.Deploy.0 = AppStore|iPhoneSimulator
		{1C534272-9023-49A2-85CF-6ACB07F8E6B7}.AppStore|x64.ActiveCfg = AppStore|iPhone
		{1C534272-9023-49A2-85CF-6ACB07F8E6B7}.AppStore|x64.Build.0 = AppStore|iPhone
		{1C534272-9023-49A2-85CF-6ACB07F8E6B7}.AppStore|x64.Deploy.0 = AppStore|iPhone
		{1C534272-9023-49A2-85CF-6ACB07F8E6B7}.AppStore|x86.ActiveCfg = AppStore|iPhone
		{1C534272-9023-49A2-85CF-6ACB07F8E6B7}.AppStore|x86.Build.0 = AppStore|iPhone
		{1C534272-9023-49A2-85CF-6ACB07F8E6B7}.AppStore|x86.Deploy.0 = AppStore|iPhone
		{1C534272-9023-49A2-85CF-6ACB07F8E6B7}.Debug|Any CPU.ActiveCfg = Debug|iPhoneSimulator
		{1C534272-9023-49A2-85CF-6ACB07F8E6B7}.Debug|Any CPU.Build.0 = Debug|iPhoneSimulator
		{1C534272-9023-49A2-85CF-6ACB07F8E6B7}.Debug|Any CPU.Deploy.0 = Debug|iPhoneSimulator
		{1C534272-9023-49A2-85CF-6ACB07F8E6B7}.Debug|ARM.ActiveCfg = Debug|iPhone
		{1C534272-9023-49A2-85CF-6ACB07F8E6B7}.Debug|ARM.Build.0 = Debug|iPhone
		{1C534272-9023-49A2-85CF-6ACB07F8E6B7}.Debug|ARM.Deploy.0 = Debug|iPhone
		{1C534272-9023-49A2-85CF-6ACB07F8E6B7}.Debug|iPhone.ActiveCfg = Debug|iPhone
		{1C534272-9023-49A2-85CF-6ACB07F8E6B7}.Debug|iPhone.Build.0 = Debug|iPhone
		{1C534272-9023-49A2-85CF-6ACB07F8E6B7}.Debug|iPhone.Deploy.0 = Debug|iPhone
		{1C534272-9023-49A2-85CF-6ACB07F8E6B7}.Debug|iPhoneSimulator.ActiveCfg = Debug|iPhoneSimulator
		{1C534272-9023-49A2-85CF-6ACB07F8E6B7}.Debug|iPhoneSimulator.Build.0 = Debug|iPhoneSimulator
		{1C534272-9023-49A2-85CF-6ACB07F8E6B7}.Debug|iPhoneSimulator.Deploy.0 = Debug|iPhoneSimulator
		{1C534272-9023-49A2-85CF-6ACB07F8E6B7}.Debug|x64.ActiveCfg = Debug|iPhone
		{1C534272-9023-49A2-85CF-6ACB07F8E6B7}.Debug|x64.Build.0 = Debug|iPhone
		{1C534272-9023-49A2-85CF-6ACB07F8E6B7}.Debug|x64.Deploy.0 = Debug|iPhone
		{1C534272-9023-49A2-85CF-6ACB07F8E6B7}.Debug|x86.ActiveCfg = Debug|iPhone
		{1C534272-9023-49A2-85CF-6ACB07F8E6B7}.Debug|x86.Build.0 = Debug|iPhone
		{1C534272-9023-49A2-85CF-6ACB07F8E6B7}.Debug|x86.Deploy.0 = Debug|iPhone
		{1C534272-9023-49A2-85CF-6ACB07F8E6B7}.Release|Any CPU.ActiveCfg = Release|iPhone
		{1C534272-9023-49A2-85CF-6ACB07F8E6B7}.Release|Any CPU.Build.0 = Release|iPhone
		{1C534272-9023-49A2-85CF-6ACB07F8E6B7}.Release|Any CPU.Deploy.0 = Release|iPhone
		{1C534272-9023-49A2-85CF-6ACB07F8E6B7}.Release|ARM.ActiveCfg = Release|iPhone
		{1C534272-9023-49A2-85CF-6ACB07F8E6B7}.Release|ARM.Build.0 = Release|iPhone
		{1C534272-9023-49A2-85CF-6ACB07F8E6B7}.Release|ARM.Deploy.0 = Release|iPhone
		{1C534272-9023-49A2-85CF-6ACB07F8E6B7}.Release|iPhone.ActiveCfg = Release|iPhone
		{1C534272-9023-49A2-85CF-6ACB07F8E6B7}.Release|iPhone.Build.0 = Release|iPhone
		{1C534272-9023-49A2-85CF-6ACB07F8E6B7}.Release|iPhone.Deploy.0 = Release|iPhone
		{1C534272-9023-49A2-85CF-6ACB07F8E6B7}.Release|iPhoneSimulator.ActiveCfg = Release|iPhoneSimulator
		{1C534272-9023-49A2-85CF-6ACB07F8E6B7}.Release|iPhoneSimulator.Build.0 = Release|iPhoneSimulator
		{1C534272-9023-49A2-85CF-6ACB07F8E6B7}.Release|iPhoneSimulator.Deploy.0 = Release|iPhoneSimulator
		{1C534272-9023-49A2-85CF-6ACB07F8E6B7}.Release|x64.ActiveCfg = Release|iPhone
		{1C534272-9023-49A2-85CF-6ACB07F8E6B7}.Release|x64.Build.0 = Release|iPhone
		{1C534272-9023-49A2-85CF-6ACB07F8E6B7}.Release|x64.Deploy.0 = Release|iPhone
		{1C534272-9023-49A2-85CF-6ACB07F8E6B7}.Release|x86.ActiveCfg = Release|iPhone
		{1C534272-9023-49A2-85CF-6ACB07F8E6B7}.Release|x86.Build.0 = Release|iPhone
		{1C534272-9023-49A2-85CF-6ACB07F8E6B7}.Release|x86.Deploy.0 = Release|iPhone
		{EEB80837-4BF7-4363-ABC6-9346068797F1}.Ad-Hoc|Any CPU.ActiveCfg = Release|x86
		{EEB80837-4BF7-4363-ABC6-9346068797F1}.Ad-Hoc|Any CPU.Build.0 = Release|x86
		{EEB80837-4BF7-4363-ABC6-9346068797F1}.Ad-Hoc|Any CPU.Deploy.0 = Release|x86
		{EEB80837-4BF7-4363-ABC6-9346068797F1}.Ad-Hoc|ARM.ActiveCfg = Release|ARM
		{EEB80837-4BF7-4363-ABC6-9346068797F1}.Ad-Hoc|ARM.Build.0 = Release|ARM
		{EEB80837-4BF7-4363-ABC6-9346068797F1}.Ad-Hoc|ARM.Deploy.0 = Release|ARM
		{EEB80837-4BF7-4363-ABC6-9346068797F1}.Ad-Hoc|iPhone.ActiveCfg = Release|x86
		{EEB80837-4BF7-4363-ABC6-9346068797F1}.Ad-Hoc|iPhone.Build.0 = Release|x86
		{EEB80837-4BF7-4363-ABC6-9346068797F1}.Ad-Hoc|iPhone.Deploy.0 = Release|x86
		{EEB80837-4BF7-4363-ABC6-9346068797F1}.Ad-Hoc|iPhoneSimulator.ActiveCfg = Release|x86
		{EEB80837-4BF7-4363-ABC6-9346068797F1}.Ad-Hoc|iPhoneSimulator.Build.0 = Release|x86
		{EEB80837-4BF7-4363-ABC6-9346068797F1}.Ad-Hoc|iPhoneSimulator.Deploy.0 = Release|x86
		{EEB80837-4BF7-4363-ABC6-9346068797F1}.Ad-Hoc|x64.ActiveCfg = Release|x64
		{EEB80837-4BF7-4363-ABC6-9346068797F1}.Ad-Hoc|x64.Build.0 = Release|x64
		{EEB80837-4BF7-4363-ABC6-9346068797F1}.Ad-Hoc|x64.Deploy.0 = Release|x64
		{EEB80837-4BF7-4363-ABC6-9346068797F1}.Ad-Hoc|x86.ActiveCfg = Release|x86
		{EEB80837-4BF7-4363-ABC6-9346068797F1}.Ad-Hoc|x86.Build.0 = Release|x86
		{EEB80837-4BF7-4363-ABC6-9346068797F1}.Ad-Hoc|x86.Deploy.0 = Release|x86
		{EEB80837-4BF7-4363-ABC6-9346068797F1}.AppStore|Any CPU.ActiveCfg = Release|x86
		{EEB80837-4BF7-4363-ABC6-9346068797F1}.AppStore|Any CPU.Build.0 = Release|x86
		{EEB80837-4BF7-4363-ABC6-9346068797F1}.AppStore|Any CPU.Deploy.0 = Release|x86
		{EEB80837-4BF7-4363-ABC6-9346068797F1}.AppStore|ARM.ActiveCfg = Release|ARM
		{EEB80837-4BF7-4363-ABC6-9346068797F1}.AppStore|ARM.Build.0 = Release|ARM
		{EEB80837-4BF7-4363-ABC6-9346068797F1}.AppStore|ARM.Deploy.0 = Release|ARM
		{EEB80837-4BF7-4363-ABC6-9346068797F1}.AppStore|iPhone.ActiveCfg = Release|x86
		{EEB80837-4BF7-4363-ABC6-9346068797F1}.AppStore|iPhone.Build.0 = Release|x86
		{EEB80837-4BF7-4363-ABC6-9346068797F1}.AppStore|iPhone.Deploy.0 = Release|x86
		{EEB80837-4BF7-4363-ABC6-9346068797F1}.AppStore|iPhoneSimulator.ActiveCfg = Release|x86
		{EEB80837-4BF7-4363-ABC6-9346068797F1}.AppStore|iPhoneSimulator.Build.0 = Release|x86
		{EEB80837-4BF7-4363-ABC6-9346068797F1}.AppStore|iPhoneSimulator.Deploy.0 = Release|x86
		{EEB80837-4BF7-4363-ABC6-9346068797F1}.AppStore|x64.ActiveCfg = Release|x64
		{EEB80837-4BF7-4363-ABC6-9346068797F1}.AppStore|x64.Build.0 = Release|x64
		{EEB80837-4BF7-4363-ABC6-9346068797F1}.AppStore|x64.Deploy.0 = Release|x64
		{EEB80837-4BF7-4363-ABC6-9346068797F1}.AppStore|x86.ActiveCfg = Release|x86
		{EEB80837-4BF7-4363-ABC6-9346068797F1}.AppStore|x86.Build.0 = Release|x86
		{EEB80837-4BF7-4363-ABC6-9346068797F1}.AppStore|x86.Deploy.0 = Release|x86
		{EEB80837-4BF7-4363-ABC6-9346068797F1}.Debug|Any CPU.ActiveCfg = Debug|x86
		{EEB80837-4BF7-4363-ABC6-9346068797F1}.Debug|Any CPU.Build.0 = Debug|x86
		{EEB80837-4BF7-4363-ABC6-9346068797F1}.Debug|Any CPU.Deploy.0 = Debug|x86
		{EEB80837-4BF7-4363-ABC6-9346068797F1}.Debug|ARM.ActiveCfg = Debug|ARM
		{EEB80837-4BF7-4363-ABC6-9346068797F1}.Debug|ARM.Build.0 = Debug|ARM
		{EEB80837-4BF7-4363-ABC6-9346068797F1}.Debug|ARM.Deploy.0 = Debug|ARM
		{EEB80837-4BF7-4363-ABC6-9346068797F1}.Debug|iPhone.ActiveCfg = Debug|x86
		{EEB80837-4BF7-4363-ABC6-9346068797F1}.Debug|iPhone.Build.0 = Debug|x86
		{EEB80837-4BF7-4363-ABC6-9346068797F1}.Debug|iPhone.Deploy.0 = Debug|x86
		{EEB80837-4BF7-4363-ABC6-9346068797F1}.Debug|iPhoneSimulator.ActiveCfg = Debug|x86
		{EEB80837-4BF7-4363-ABC6-9346068797F1}.Debug|iPhoneSimulator.Build.0 = Debug|x86
		{EEB80837-4BF7-4363-ABC6-9346068797F1}.Debug|iPhoneSimulator.Deploy.0 = Debug|x86
		{EEB80837-4BF7-4363-ABC6-9346068797F1}.Debug|x64.ActiveCfg = Debug|x64
		{EEB80837-4BF7-4363-ABC6-9346068797F1}.Debug|x64.Build.0 = Debug|x64
		{EEB80837-4BF7-4363-ABC6-9346068797F1}.Debug|x64.Deploy.0 = Debug|x64
		{EEB80837-4BF7-4363-ABC6-9346068797F1}.Debug|x86.ActiveCfg = Debug|x86
		{EEB80837-4BF7-4363-ABC6-9346068797F1}.Debug|x86.Build.0 = Debug|x86
		{EEB80837-4BF7-4363-ABC6-9346068797F1}.Debug|x86.Deploy.0 = Debug|x86
		{EEB80837-4BF7-4363-ABC6-9346068797F1}.Release|Any CPU.ActiveCfg = Release|x86
		{EEB80837-4BF7-4363-ABC6-9346068797F1}.Release|Any CPU.Build.0 = Release|x86
		{EEB80837-4BF7-4363-ABC6-9346068797F1}.Release|Any CPU.Deploy.0 = Release|x86
		{EEB80837-4BF7-4363-ABC6-9346068797F1}.Release|ARM.ActiveCfg = Release|ARM
		{EEB80837-4BF7-4363-ABC6-9346068797F1}.Release|ARM.Build.0 = Release|ARM
		{EEB80837-4BF7-4363-ABC6-9346068797F1}.Release|ARM.Deploy.0 = Release|ARM
		{EEB80837-4BF7-4363-ABC6-9346068797F1}.Release|iPhone.ActiveCfg = Release|x86
		{EEB80837-4BF7-4363-ABC6-9346068797F1}.Release|iPhone.Build.0 = Release|x86
		{EEB80837-4BF7-4363-ABC6-9346068797F1}.Release|iPhone.Deploy.0 = Release|x86
		{EEB80837-4BF7-4363-ABC6-9346068797F1}.Release|iPhoneSimulator.ActiveCfg = Release|x86
		{EEB80837-4BF7-4363-ABC6-9346068797F1}.Release|iPhoneSimulator.Build.0 = Release|x86
		{EEB80837-4BF7-4363-ABC6-9346068797F1}.Release|iPhoneSimulator.Deploy.0 = Release|x86
		{EEB80837-4BF7-4363-ABC6-9346068797F1}.Release|x64.ActiveCfg = Release|x64
		{EEB80837-4BF7-4363-ABC6-9346068797F1}.Release|x64.Build.0 = Release|x64
		{EEB80837-4BF7-4363-ABC6-9346068797F1}.Release|x64.Deploy.0 = Release|x64
		{EEB80837-4BF7-4363-ABC6-9346068797F1}.Release|x86.ActiveCfg = Release|x86
		{EEB80837-4BF7-4363-ABC6-9346068797F1}.Release|x86.Build.0 = Release|x86
		{EEB80837-4BF7-4363-ABC6-9346068797F1}.Release|x86.Deploy.0 = Release|x86
		{203C3783-6C88-4F8F-9FDB-7719BF7B10EA}.Ad-Hoc|Any CPU.ActiveCfg = Debug|Any CPU
		{203C3783-6C88-4F8F-9FDB-7719BF7B10EA}.Ad-Hoc|Any CPU.Build.0 = Debug|Any CPU
		{203C3783-6C88-4F8F-9FDB-7719BF7B10EA}.Ad-Hoc|Any CPU.Deploy.0 = Debug|Any CPU
		{203C3783-6C88-4F8F-9FDB-7719BF7B10EA}.Ad-Hoc|ARM.ActiveCfg = Debug|Any CPU
		{203C3783-6C88-4F8F-9FDB-7719BF7B10EA}.Ad-Hoc|ARM.Build.0 = Debug|Any CPU
		{203C3783-6C88-4F8F-9FDB-7719BF7B10EA}.Ad-Hoc|ARM.Deploy.0 = Debug|Any CPU
		{203C3783-6C88-4F8F-9FDB-7719BF7B10EA}.Ad-Hoc|iPhone.ActiveCfg = Debug|Any CPU
		{203C3783-6C88-4F8F-9FDB-7719BF7B10EA}.Ad-Hoc|iPhone.Build.0 = Debug|Any CPU
		{203C3783-6C88-4F8F-9FDB-7719BF7B10EA}.Ad-Hoc|iPhone.Deploy.0 = Debug|Any CPU
		{203C3783-6C88-4F8F-9FDB-7719BF7B10EA}.Ad-Hoc|iPhoneSimulator.ActiveCfg = Debug|Any CPU
		{203C3783-6C88-4F8F-9FDB-7719BF7B10EA}.Ad-Hoc|iPhoneSimulator.Build.0 = Debug|Any CPU
		{203C3783-6C88-4F8F-9FDB-7719BF7B10EA}.Ad-Hoc|iPhoneSimulator.Deploy.0 = Debug|Any CPU
		{203C3783-6C88-4F8F-9FDB-7719BF7B10EA}.Ad-Hoc|x64.ActiveCfg = Debug|Any CPU
		{203C3783-6C88-4F8F-9FDB-7719BF7B10EA}.Ad-Hoc|x64.Build.0 = Debug|Any CPU
		{203C3783-6C88-4F8F-9FDB-7719BF7B10EA}.Ad-Hoc|x64.Deploy.0 = Debug|Any CPU
		{203C3783-6C88-4F8F-9FDB-7719BF7B10EA}.Ad-Hoc|x86.ActiveCfg = Debug|Any CPU
		{203C3783-6C88-4F8F-9FDB-7719BF7B10EA}.Ad-Hoc|x86.Build.0 = Debug|Any CPU
		{203C3783-6C88-4F8F-9FDB-7719BF7B10EA}.Ad-Hoc|x86.Deploy.0 = Debug|Any CPU
		{203C3783-6C88-4F8F-9FDB-7719BF7B10EA}.AppStore|Any CPU.ActiveCfg = Debug|Any CPU
		{203C3783-6C88-4F8F-9FDB-7719BF7B10EA}.AppStore|Any CPU.Build.0 = Debug|Any CPU
		{203C3783-6C88-4F8F-9FDB-7719BF7B10EA}.AppStore|Any CPU.Deploy.0 = Debug|Any CPU
		{203C3783-6C88-4F8F-9FDB-7719BF7B10EA}.AppStore|ARM.ActiveCfg = Debug|Any CPU
		{203C3783-6C88-4F8F-9FDB-7719BF7B10EA}.AppStore|ARM.Build.0 = Debug|Any CPU
		{203C3783-6C88-4F8F-9FDB-7719BF7B10EA}.AppStore|ARM.Deploy.0 = Debug|Any CPU
		{203C3783-6C88-4F8F-9FDB-7719BF7B10EA}.AppStore|iPhone.ActiveCfg = Debug|Any CPU
		{203C3783-6C88-4F8F-9FDB-7719BF7B10EA}.AppStore|iPhone.Build.0 = Debug|Any CPU
		{203C3783-6C88-4F8F-9FDB-7719BF7B10EA}.AppStore|iPhone.Deploy.0 = Debug|Any CPU
		{203C3783-6C88-4F8F-9FDB-7719BF7B10EA}.AppStore|iPhoneSimulator.ActiveCfg = Debug|Any CPU
		{203C3783-6C88-4F8F-9FDB-7719BF7B10EA}.AppStore|iPhoneSimulator.Build.0 = Debug|Any CPU
		{203C3783-6C88-4F8F-9FDB-7719BF7B10EA}.AppStore|iPhoneSimulator.Deploy.0 = Debug|Any CPU
		{203C3783-6C88-4F8F-9FDB-7719BF7B10EA}.AppStore|x64.ActiveCfg = Debug|Any CPU
		{203C3783-6C88-4F8F-9FDB-7719BF7B10EA}.AppStore|x64.Build.0 = Debug|Any CPU
		{203C3783-6C88-4F8F-9FDB-7719BF7B10EA}.AppStore|x64.Deploy.0 = Debug|Any CPU
		{203C3783-6C88-4F8F-9FDB-7719BF7B10EA}.AppStore|x86.ActiveCfg = Debug|Any CPU
		{203C3783-6C88-4F8F-9FDB-7719BF7B10EA}.AppStore|x86.Build.0 = Debug|Any CPU
		{203C3783-6C88-4F8F-9FDB-7719BF7B10EA}.AppStore|x86.Deploy.0 = Debug|Any CPU
		{203C3783-6C88-4F8F-9FDB-7719BF7B10EA}.Debug|Any CPU.ActiveCfg = Debug|Any CPU
		{203C3783-6C88-4F8F-9FDB-7719BF7B10EA}.Debug|Any CPU.Build.0 = Debug|Any CPU
		{203C3783-6C88-4F8F-9FDB-7719BF7B10EA}.Debug|Any CPU.Deploy.0 = Debug|Any CPU
		{203C3783-6C88-4F8F-9FDB-7719BF7B10EA}.Debug|ARM.ActiveCfg = Debug|Any CPU
		{203C3783-6C88-4F8F-9FDB-7719BF7B10EA}.Debug|ARM.Build.0 = Debug|Any CPU
		{203C3783-6C88-4F8F-9FDB-7719BF7B10EA}.Debug|ARM.Deploy.0 = Debug|Any CPU
		{203C3783-6C88-4F8F-9FDB-7719BF7B10EA}.Debug|iPhone.ActiveCfg = Debug|Any CPU
		{203C3783-6C88-4F8F-9FDB-7719BF7B10EA}.Debug|iPhone.Build.0 = Debug|Any CPU
		{203C3783-6C88-4F8F-9FDB-7719BF7B10EA}.Debug|iPhone.Deploy.0 = Debug|Any CPU
		{203C3783-6C88-4F8F-9FDB-7719BF7B10EA}.Debug|iPhoneSimulator.ActiveCfg = Debug|Any CPU
		{203C3783-6C88-4F8F-9FDB-7719BF7B10EA}.Debug|iPhoneSimulator.Build.0 = Debug|Any CPU
		{203C3783-6C88-4F8F-9FDB-7719BF7B10EA}.Debug|iPhoneSimulator.Deploy.0 = Debug|Any CPU
		{203C3783-6C88-4F8F-9FDB-7719BF7B10EA}.Debug|x64.ActiveCfg = Debug|Any CPU
		{203C3783-6C88-4F8F-9FDB-7719BF7B10EA}.Debug|x64.Build.0 = Debug|Any CPU
		{203C3783-6C88-4F8F-9FDB-7719BF7B10EA}.Debug|x64.Deploy.0 = Debug|Any CPU
		{203C3783-6C88-4F8F-9FDB-7719BF7B10EA}.Debug|x86.ActiveCfg = Debug|Any CPU
		{203C3783-6C88-4F8F-9FDB-7719BF7B10EA}.Debug|x86.Build.0 = Debug|Any CPU
		{203C3783-6C88-4F8F-9FDB-7719BF7B10EA}.Debug|x86.Deploy.0 = Debug|Any CPU
		{203C3783-6C88-4F8F-9FDB-7719BF7B10EA}.Release|Any CPU.ActiveCfg = Release|Any CPU
		{203C3783-6C88-4F8F-9FDB-7719BF7B10EA}.Release|Any CPU.Build.0 = Release|Any CPU
		{203C3783-6C88-4F8F-9FDB-7719BF7B10EA}.Release|Any CPU.Deploy.0 = Release|Any CPU
		{203C3783-6C88-4F8F-9FDB-7719BF7B10EA}.Release|ARM.ActiveCfg = Release|Any CPU
		{203C3783-6C88-4F8F-9FDB-7719BF7B10EA}.Release|ARM.Build.0 = Release|Any CPU
		{203C3783-6C88-4F8F-9FDB-7719BF7B10EA}.Release|ARM.Deploy.0 = Release|Any CPU
		{203C3783-6C88-4F8F-9FDB-7719BF7B10EA}.Release|iPhone.ActiveCfg = Release|Any CPU
		{203C3783-6C88-4F8F-9FDB-7719BF7B10EA}.Release|iPhone.Build.0 = Release|Any CPU
		{203C3783-6C88-4F8F-9FDB-7719BF7B10EA}.Release|iPhone.Deploy.0 = Release|Any CPU
		{203C3783-6C88-4F8F-9FDB-7719BF7B10EA}.Release|iPhoneSimulator.ActiveCfg = Release|Any CPU
		{203C3783-6C88-4F8F-9FDB-7719BF7B10EA}.Release|iPhoneSimulator.Build.0 = Release|Any CPU
		{203C3783-6C88-4F8F-9FDB-7719BF7B10EA}.Release|iPhoneSimulator.Deploy.0 = Release|Any CPU
		{203C3783-6C88-4F8F-9FDB-7719BF7B10EA}.Release|x64.ActiveCfg = Release|Any CPU
		{203C3783-6C88-4F8F-9FDB-7719BF7B10EA}.Release|x64.Build.0 = Release|Any CPU
		{203C3783-6C88-4F8F-9FDB-7719BF7B10EA}.Release|x64.Deploy.0 = Release|Any CPU
		{203C3783-6C88-4F8F-9FDB-7719BF7B10EA}.Release|x86.ActiveCfg = Release|Any CPU
		{203C3783-6C88-4F8F-9FDB-7719BF7B10EA}.Release|x86.Build.0 = Release|Any CPU
		{203C3783-6C88-4F8F-9FDB-7719BF7B10EA}.Release|x86.Deploy.0 = Release|Any CPU
		{987B8E81-7065-4D5C-B467-9E7C15947B0D}.Ad-Hoc|Any CPU.ActiveCfg = Release|Any CPU
		{987B8E81-7065-4D5C-B467-9E7C15947B0D}.Ad-Hoc|Any CPU.Build.0 = Release|Any CPU
		{987B8E81-7065-4D5C-B467-9E7C15947B0D}.Ad-Hoc|ARM.ActiveCfg = Release|Any CPU
		{987B8E81-7065-4D5C-B467-9E7C15947B0D}.Ad-Hoc|ARM.Build.0 = Release|Any CPU
		{987B8E81-7065-4D5C-B467-9E7C15947B0D}.Ad-Hoc|iPhone.ActiveCfg = Release|Any CPU
		{987B8E81-7065-4D5C-B467-9E7C15947B0D}.Ad-Hoc|iPhone.Build.0 = Release|Any CPU
		{987B8E81-7065-4D5C-B467-9E7C15947B0D}.Ad-Hoc|iPhoneSimulator.ActiveCfg = Release|Any CPU
		{987B8E81-7065-4D5C-B467-9E7C15947B0D}.Ad-Hoc|iPhoneSimulator.Build.0 = Release|Any CPU
		{987B8E81-7065-4D5C-B467-9E7C15947B0D}.Ad-Hoc|x64.ActiveCfg = Release|Any CPU
		{987B8E81-7065-4D5C-B467-9E7C15947B0D}.Ad-Hoc|x64.Build.0 = Release|Any CPU
		{987B8E81-7065-4D5C-B467-9E7C15947B0D}.Ad-Hoc|x86.ActiveCfg = Release|Any CPU
		{987B8E81-7065-4D5C-B467-9E7C15947B0D}.Ad-Hoc|x86.Build.0 = Release|Any CPU
		{987B8E81-7065-4D5C-B467-9E7C15947B0D}.AppStore|Any CPU.ActiveCfg = Release|Any CPU
		{987B8E81-7065-4D5C-B467-9E7C15947B0D}.AppStore|Any CPU.Build.0 = Release|Any CPU
		{987B8E81-7065-4D5C-B467-9E7C15947B0D}.AppStore|ARM.ActiveCfg = Release|Any CPU
		{987B8E81-7065-4D5C-B467-9E7C15947B0D}.AppStore|ARM.Build.0 = Release|Any CPU
		{987B8E81-7065-4D5C-B467-9E7C15947B0D}.AppStore|iPhone.ActiveCfg = Release|Any CPU
		{987B8E81-7065-4D5C-B467-9E7C15947B0D}.AppStore|iPhone.Build.0 = Release|Any CPU
		{987B8E81-7065-4D5C-B467-9E7C15947B0D}.AppStore|iPhoneSimulator.ActiveCfg = Release|Any CPU
		{987B8E81-7065-4D5C-B467-9E7C15947B0D}.AppStore|iPhoneSimulator.Build.0 = Release|Any CPU
		{987B8E81-7065-4D5C-B467-9E7C15947B0D}.AppStore|x64.ActiveCfg = Release|Any CPU
		{987B8E81-7065-4D5C-B467-9E7C15947B0D}.AppStore|x64.Build.0 = Release|Any CPU
		{987B8E81-7065-4D5C-B467-9E7C15947B0D}.AppStore|x86.ActiveCfg = Release|Any CPU
		{987B8E81-7065-4D5C-B467-9E7C15947B0D}.AppStore|x86.Build.0 = Release|Any CPU
		{987B8E81-7065-4D5C-B467-9E7C15947B0D}.Debug|Any CPU.ActiveCfg = Debug|Any CPU
		{987B8E81-7065-4D5C-B467-9E7C15947B0D}.Debug|Any CPU.Build.0 = Debug|Any CPU
		{987B8E81-7065-4D5C-B467-9E7C15947B0D}.Debug|ARM.ActiveCfg = Debug|Any CPU
		{987B8E81-7065-4D5C-B467-9E7C15947B0D}.Debug|ARM.Build.0 = Debug|Any CPU
		{987B8E81-7065-4D5C-B467-9E7C15947B0D}.Debug|iPhone.ActiveCfg = Debug|Any CPU
		{987B8E81-7065-4D5C-B467-9E7C15947B0D}.Debug|iPhone.Build.0 = Debug|Any CPU
		{987B8E81-7065-4D5C-B467-9E7C15947B0D}.Debug|iPhoneSimulator.ActiveCfg = Debug|Any CPU
		{987B8E81-7065-4D5C-B467-9E7C15947B0D}.Debug|iPhoneSimulator.Build.0 = Debug|Any CPU
		{987B8E81-7065-4D5C-B467-9E7C15947B0D}.Debug|x64.ActiveCfg = Debug|Any CPU
		{987B8E81-7065-4D5C-B467-9E7C15947B0D}.Debug|x64.Build.0 = Debug|Any CPU
		{987B8E81-7065-4D5C-B467-9E7C15947B0D}.Debug|x86.ActiveCfg = Debug|Any CPU
		{987B8E81-7065-4D5C-B467-9E7C15947B0D}.Debug|x86.Build.0 = Debug|Any CPU
		{987B8E81-7065-4D5C-B467-9E7C15947B0D}.Release|Any CPU.ActiveCfg = Release|Any CPU
		{987B8E81-7065-4D5C-B467-9E7C15947B0D}.Release|Any CPU.Build.0 = Release|Any CPU
		{987B8E81-7065-4D5C-B467-9E7C15947B0D}.Release|ARM.ActiveCfg = Release|Any CPU
		{987B8E81-7065-4D5C-B467-9E7C15947B0D}.Release|ARM.Build.0 = Release|Any CPU
		{987B8E81-7065-4D5C-B467-9E7C15947B0D}.Release|iPhone.ActiveCfg = Release|Any CPU
		{987B8E81-7065-4D5C-B467-9E7C15947B0D}.Release|iPhone.Build.0 = Release|Any CPU
		{987B8E81-7065-4D5C-B467-9E7C15947B0D}.Release|iPhoneSimulator.ActiveCfg = Release|Any CPU
		{987B8E81-7065-4D5C-B467-9E7C15947B0D}.Release|iPhoneSimulator.Build.0 = Release|Any CPU
		{987B8E81-7065-4D5C-B467-9E7C15947B0D}.Release|x64.ActiveCfg = Release|Any CPU
		{987B8E81-7065-4D5C-B467-9E7C15947B0D}.Release|x64.Build.0 = Release|Any CPU
		{987B8E81-7065-4D5C-B467-9E7C15947B0D}.Release|x86.ActiveCfg = Release|Any CPU
		{987B8E81-7065-4D5C-B467-9E7C15947B0D}.Release|x86.Build.0 = Release|Any CPU
	EndGlobalSection
	GlobalSection(SolutionProperties) = preSolution
		HideSolutionNode = FALSE
	EndGlobalSection
	GlobalSection(ExtensibilityGlobals) = postSolution
		SolutionGuid = {0CCB7410-9A1B-45F4-A4D4-B0C909E0A3C5}
	EndGlobalSection
EndGlobal
